
Microsoft Visual Studio Solution File, Format Version 12.00
# Visual Studio Version 16
VisualStudioVersion = 16.0.31702.278
MinimumVisualStudioVersion = 10.0.40219.1
Project("{FAE04EC0-301F-11D3-BF4B-00C04F79EFBC}") = "UC2BinaryTree", "UC2BinaryTree.csproj", "{FDDE7F3E-16E1-4F88-9416-C3F265023852}"
EndProject
Global
	GlobalSection(SolutionConfigurationPlatforms) = preSolution
		Debug|Any CPU = Debug|Any CPU
		Release|Any CPU = Release|Any CPU
	EndGlobalSection
	GlobalSection(ProjectConfigurationPlatforms) = postSolution
		{FDDE7F3E-16E1-4F88-9416-C3F265023852}.Debug|Any CPU.ActiveCfg = Debug|Any CPU
		{FDDE7F3E-16E1-4F88-9416-C3F265023852}.Debug|Any CPU.Build.0 = Debug|Any CPU
		{FDDE7F3E-16E1-4F88-9416-C3F265023852}.Release|Any CPU.ActiveCfg = Release|Any CPU
		{FDDE7F3E-16E1-4F88-9416-C3F265023852}.Release|Any CPU.Build.0 = Release|Any CPU
	EndGlobalSection
	GlobalSection(SolutionProperties) = preSolution
		HideSolutionNode = FALSE
	EndGlobalSection
	GlobalSection(ExtensibilityGlobals) = postSolution
		SolutionGuid = {919BFF05-6D11-4130-A9E7-ABCF334717F1}
	EndGlobalSection
EndGlobal
