
Microsoft Visual Studio Solution File, Format Version 12.00
# Visual Studio Version 16
VisualStudioVersion = 16.0.31702.278
MinimumVisualStudioVersion = 10.0.40219.1
Project("{FAE04EC0-301F-11D3-BF4B-00C04F79EFBC}") = "BinarysearchTree", "BinarysearchTree.csproj", "{B5E51400-5424-45CE-9FBF-110368DB5F9E}"
EndProject
Global
	GlobalSection(SolutionConfigurationPlatforms) = preSolution
		Debug|Any CPU = Debug|Any CPU
		Release|Any CPU = Release|Any CPU
	EndGlobalSection
	GlobalSection(ProjectConfigurationPlatforms) = postSolution
		{B5E51400-5424-45CE-9FBF-110368DB5F9E}.Debug|Any CPU.ActiveCfg = Debug|Any CPU
		{B5E51400-5424-45CE-9FBF-110368DB5F9E}.Debug|Any CPU.Build.0 = Debug|Any CPU
		{B5E51400-5424-45CE-9FBF-110368DB5F9E}.Release|Any CPU.ActiveCfg = Release|Any CPU
		{B5E51400-5424-45CE-9FBF-110368DB5F9E}.Release|Any CPU.Build.0 = Release|Any CPU
	EndGlobalSection
	GlobalSection(SolutionProperties) = preSolution
		HideSolutionNode = FALSE
	EndGlobalSection
	GlobalSection(ExtensibilityGlobals) = postSolution
		SolutionGuid = {625BF590-B2EA-4A46-9ACB-6D078810D007}
	EndGlobalSection
EndGlobal
